# Pins the prebuilt `pico-view` engine release that hook/build.dart downloads.
#
# GENERATED by .github/workflows/release.yml on each `engine-v*` release — do
# not edit by hand. The engine source is in this same repo under `crates/`; the
# binaries are not committed. To bump, push a new `engine-v*` tag.
repo = yplam/pico-view
tag = engine-v0.3.0

a64dc927e2a69a7cf7c384a9b93dafa442c2c4515b17dab757228a70691773b1  libpico_view-aarch64-apple-darwin.dylib
bf749de6f6c13b4e53ab78389700a025d10df607c3af13e3e40f4629384426e6  libpico_view-aarch64-unknown-linux-gnu.so
52515b4cd1074b725db1b17f0f5a9e2a55e1888ac01af03dba552e8cf783f654  libpico_view-x86_64-apple-darwin.dylib
31ffc305030a1273514cedfaddcd73e7d9e64332ba1bb5a460e5cedfdf67af86  libpico_view-x86_64-unknown-linux-gnu.so
8cb49a638e9d068ee574493669404cafba3be79f1f29f19525d2738761236e62  pico_view-x86_64-pc-windows-msvc.dll
